
Microsoft Visual Studio Solution File, Format Version 12.00
# Visual Studio 14
VisualStudioVersion = 14.0.25420.1
MinimumVisualStudioVersion = 10.0.40219.1
Project("{FAE04EC0-301F-11D3-BF4B-00C04F79EFBC}") = "OpenIZMobile", "OpenIZMobile\OpenIZMobile.csproj", "{B031B6B7-B756-4959-B72F-61DB32270647}"
EndProject
Project("{FAE04EC0-301F-11D3-BF4B-00C04F79EFBC}") = "OpenIZ.Mobile.Core", "OpenIZ.Mobile.Core\OpenIZ.Mobile.Core.csproj", "{554DF209-7744-433F-993A-783E2A2803EF}"
EndProject
Project("{2150E333-8FDC-42A3-9474-1A3956D46DE8}") = "Solution Items", "Solution Items", "{0C665902-E2DA-45D3-AD9C-03DE3451CD33}"
	ProjectSection(SolutionItems) = preProject
		Solution Items\Newtonsoft.Json.dll = Solution Items\Newtonsoft.Json.dll
		Solution Items\OpenIZ.Core.Alert.dll = Solution Items\OpenIZ.Core.Alert.dll
		Solution Items\OpenIZ.Core.Applets.dll = Solution Items\OpenIZ.Core.Applets.dll
		Solution Items\OpenIZ.Core.Model.AMI.dll = Solution Items\OpenIZ.Core.Model.AMI.dll
		Solution Items\OpenIZ.Core.Model.dll = Solution Items\OpenIZ.Core.Model.dll
		Solution Items\OpenIZ.Core.PCL.dll = Solution Items\OpenIZ.Core.PCL.dll
		Solution Items\OpenIZ.Messaging.AMI.Client.dll = Solution Items\OpenIZ.Messaging.AMI.Client.dll
		Solution Items\OpenIZ.Messaging.IMSI.Client.dll = Solution Items\OpenIZ.Messaging.IMSI.Client.dll
		Solution Items\OpenIZ.Protocol.Xml.dll = Solution Items\OpenIZ.Protocol.Xml.dll
		Performance1.psess = Performance1.psess
		Performance2.psess = Performance2.psess
		Performance3.psess = Performance3.psess
		Performance4.psess = Performance4.psess
		Performance5.psess = Performance5.psess
		Performance6.psess = Performance6.psess
		Solution Items\SQLite-net.dll = Solution Items\SQLite-net.dll
	EndProjectSection
EndProject
Project("{FAE04EC0-301F-11D3-BF4B-00C04F79EFBC}") = "OpenIZ.Mobile.Core.Android", "OpenIZ.Mobile.Core.Android\OpenIZ.Mobile.Core.Android.csproj", "{00EE5306-AAE5-4145-B430-6BA3FB07054B}"
EndProject
Project("{FAE04EC0-301F-11D3-BF4B-00C04F79EFBC}") = "OpenIZ.Mobile.Core.Test", "OpenIZ.Mobile.Core.Test\OpenIZ.Mobile.Core.Test.csproj", "{9C6BB5DF-F63B-4587-9131-F8417CEA2437}"
EndProject
Project("{E24C65DC-7377-472B-9ABA-BC803B73C61A}") = "OpenIZMobile.Applets", "OpenIZMobile.Applets\", "{62575ED7-0C4D-4EBC-8AD8-57D191E051DC}"
	ProjectSection(WebsiteProperties) = preProject
		TargetFrameworkMoniker = ".NETFramework,Version%3Dv4.0"
		Debug.AspNetCompiler.VirtualPath = "/localhost_45865"
		Debug.AspNetCompiler.PhysicalPath = "OpenIZMobile.Applets\"
		Debug.AspNetCompiler.TargetPath = "PrecompiledWeb\localhost_45865\"
		Debug.AspNetCompiler.Updateable = "true"
		Debug.AspNetCompiler.ForceOverwrite = "true"
		Debug.AspNetCompiler.FixedNames = "false"
		Debug.AspNetCompiler.Debug = "True"
		Release.AspNetCompiler.VirtualPath = "/localhost_45865"
		Release.AspNetCompiler.PhysicalPath = "OpenIZMobile.Applets\"
		Release.AspNetCompiler.TargetPath = "PrecompiledWeb\localhost_45865\"
		Release.AspNetCompiler.Updateable = "true"
		Release.AspNetCompiler.ForceOverwrite = "true"
		Release.AspNetCompiler.FixedNames = "false"
		Release.AspNetCompiler.Debug = "False"
		VWDPort = "45865"
		SlnRelativePath = "OpenIZMobile.Applets\"
	EndProjectSection
EndProject
Project("{2150E333-8FDC-42A3-9474-1A3956D46DE8}") = "Utils", "Utils", "{9C3CB4E7-2726-4669-8335-3D49B939B76C}"
EndProject
Project("{FAE04EC0-301F-11D3-BF4B-00C04F79EFBC}") = "BrainBug", "BrainBug\BrainBug.csproj", "{76272AB0-DF7A-4AF8-BBD5-1AD87150BA7F}"
EndProject
Project("{FAE04EC0-301F-11D3-BF4B-00C04F79EFBC}") = "Minims", "Minims\Minims.csproj", "{6B894823-4076-4D56-B12D-81517AF3223D}"
EndProject
Project("{FAE04EC0-301F-11D3-BF4B-00C04F79EFBC}") = "OpenIZ.Mobile.Core.Xamarin", "OpenIZ.Mobile.Core.Xamarin\OpenIZ.Mobile.Core.Xamarin.csproj", "{9A06ACC9-4D6F-4EAB-8A8A-9652BC6A70AE}"
EndProject
Project("{2150E333-8FDC-42A3-9474-1A3956D46DE8}") = "Core", "Core", "{A2F42D79-66E3-4A16-B2D6-920C652360D1}"
EndProject
Project("{2150E333-8FDC-42A3-9474-1A3956D46DE8}") = "Android", "Android", "{C075DAB9-7717-41CC-B061-54C8CAAAAEFB}"
EndProject
Project("{2150E333-8FDC-42A3-9474-1A3956D46DE8}") = "Applet", "Applet", "{7CFE7F3E-9B3F-45A3-B104-07B8E0C3CAB8}"
EndProject
Project("{2150E333-8FDC-42A3-9474-1A3956D46DE8}") = "Desktop", "Desktop", "{7764149B-8D63-4C52-BA7F-CFC55ECD3AF9}"
EndProject
Project("{FAE04EC0-301F-11D3-BF4B-00C04F79EFBC}") = "DisconnectedClient", "DisconnectedClient\DisconnectedClient.csproj", "{899B0F8D-C781-4BAC-BE6E-323D3654FAF8}"
EndProject
Project("{2150E333-8FDC-42A3-9474-1A3956D46DE8}") = "Reporting", "Reporting", "{76D60CF9-8CC5-4792-8CC0-4D18EFF92FE0}"
EndProject
Project("{FAE04EC0-301F-11D3-BF4B-00C04F79EFBC}") = "OpenIZ.Mobile.Reporting", "OpenIZ.Mobile.Reporting\OpenIZ.Mobile.Reporting.csproj", "{39A382D5-A4A1-415A-8CEB-618177E23FAC}"
EndProject
Project("{FAE04EC0-301F-11D3-BF4B-00C04F79EFBC}") = "AppletCompiler", "AppletCompiler\AppletCompiler.csproj", "{C83CABC0-A612-4F6D-AFDB-0E2B4C98CDEE}"
EndProject
Global
	GlobalSection(SolutionConfigurationPlatforms) = preSolution
		Debug|Any CPU = Debug|Any CPU
		Debug|x86 = Debug|x86
		MonoLinux|Any CPU = MonoLinux|Any CPU
		MonoLinux|x86 = MonoLinux|x86
		Release|Any CPU = Release|Any CPU
		Release|x86 = Release|x86
		SignedRelease|Any CPU = SignedRelease|Any CPU
		SignedRelease|x86 = SignedRelease|x86
	EndGlobalSection
	GlobalSection(ProjectConfigurationPlatforms) = postSolution
		{B031B6B7-B756-4959-B72F-61DB32270647}.Debug|Any CPU.ActiveCfg = Debug|Any CPU
		{B031B6B7-B756-4959-B72F-61DB32270647}.Debug|Any CPU.Build.0 = Debug|Any CPU
		{B031B6B7-B756-4959-B72F-61DB32270647}.Debug|Any CPU.Deploy.0 = Debug|Any CPU
		{B031B6B7-B756-4959-B72F-61DB32270647}.Debug|x86.ActiveCfg = Debug|Any CPU
		{B031B6B7-B756-4959-B72F-61DB32270647}.MonoLinux|Any CPU.ActiveCfg = SignedRelease|Any CPU
		{B031B6B7-B756-4959-B72F-61DB32270647}.MonoLinux|x86.ActiveCfg = LinuxSignedRelease|Any CPU
		{B031B6B7-B756-4959-B72F-61DB32270647}.Release|Any CPU.ActiveCfg = Release|Any CPU
		{B031B6B7-B756-4959-B72F-61DB32270647}.Release|Any CPU.Build.0 = Release|Any CPU
		{B031B6B7-B756-4959-B72F-61DB32270647}.Release|Any CPU.Deploy.0 = Release|Any CPU
		{B031B6B7-B756-4959-B72F-61DB32270647}.Release|x86.ActiveCfg = Release|Any CPU
		{B031B6B7-B756-4959-B72F-61DB32270647}.SignedRelease|Any CPU.ActiveCfg = SignedRelease|Any CPU
		{B031B6B7-B756-4959-B72F-61DB32270647}.SignedRelease|Any CPU.Build.0 = SignedRelease|Any CPU
		{B031B6B7-B756-4959-B72F-61DB32270647}.SignedRelease|Any CPU.Deploy.0 = SignedRelease|Any CPU
		{B031B6B7-B756-4959-B72F-61DB32270647}.SignedRelease|x86.ActiveCfg = SignedRelease|Any CPU
		{554DF209-7744-433F-993A-783E2A2803EF}.Debug|Any CPU.ActiveCfg = Debug|Any CPU
		{554DF209-7744-433F-993A-783E2A2803EF}.Debug|Any CPU.Build.0 = Debug|Any CPU
		{554DF209-7744-433F-993A-783E2A2803EF}.Debug|Any CPU.Deploy.0 = Debug|Any CPU
		{554DF209-7744-433F-993A-783E2A2803EF}.Debug|x86.ActiveCfg = Debug|Any CPU
		{554DF209-7744-433F-993A-783E2A2803EF}.Debug|x86.Build.0 = Debug|Any CPU
		{554DF209-7744-433F-993A-783E2A2803EF}.MonoLinux|Any CPU.ActiveCfg = SignedRelease|Any CPU
		{554DF209-7744-433F-993A-783E2A2803EF}.MonoLinux|Any CPU.Build.0 = SignedRelease|Any CPU
		{554DF209-7744-433F-993A-783E2A2803EF}.MonoLinux|x86.ActiveCfg = SignedRelease|Any CPU
		{554DF209-7744-433F-993A-783E2A2803EF}.MonoLinux|x86.Build.0 = SignedRelease|Any CPU
		{554DF209-7744-433F-993A-783E2A2803EF}.Release|Any CPU.ActiveCfg = Release|Any CPU
		{554DF209-7744-433F-993A-783E2A2803EF}.Release|Any CPU.Build.0 = Release|Any CPU
		{554DF209-7744-433F-993A-783E2A2803EF}.Release|x86.ActiveCfg = Release|Any CPU
		{554DF209-7744-433F-993A-783E2A2803EF}.Release|x86.Build.0 = Release|Any CPU
		{554DF209-7744-433F-993A-783E2A2803EF}.SignedRelease|Any CPU.ActiveCfg = SignedRelease|Any CPU
		{554DF209-7744-433F-993A-783E2A2803EF}.SignedRelease|Any CPU.Build.0 = SignedRelease|Any CPU
		{554DF209-7744-433F-993A-783E2A2803EF}.SignedRelease|x86.ActiveCfg = SignedRelease|Any CPU
		{554DF209-7744-433F-993A-783E2A2803EF}.SignedRelease|x86.Build.0 = SignedRelease|Any CPU
		{00EE5306-AAE5-4145-B430-6BA3FB07054B}.Debug|Any CPU.ActiveCfg = Debug|Any CPU
		{00EE5306-AAE5-4145-B430-6BA3FB07054B}.Debug|Any CPU.Build.0 = Debug|Any CPU
		{00EE5306-AAE5-4145-B430-6BA3FB07054B}.Debug|x86.ActiveCfg = Debug|Any CPU
		{00EE5306-AAE5-4145-B430-6BA3FB07054B}.Debug|x86.Build.0 = Debug|Any CPU
		{00EE5306-AAE5-4145-B430-6BA3FB07054B}.MonoLinux|Any CPU.ActiveCfg = SignedRelease|Any CPU
		{00EE5306-AAE5-4145-B430-6BA3FB07054B}.MonoLinux|Any CPU.Build.0 = SignedRelease|Any CPU
		{00EE5306-AAE5-4145-B430-6BA3FB07054B}.MonoLinux|x86.ActiveCfg = SignedRelease|Any CPU
		{00EE5306-AAE5-4145-B430-6BA3FB07054B}.MonoLinux|x86.Build.0 = SignedRelease|Any CPU
		{00EE5306-AAE5-4145-B430-6BA3FB07054B}.Release|Any CPU.ActiveCfg = Release|Any CPU
		{00EE5306-AAE5-4145-B430-6BA3FB07054B}.Release|Any CPU.Build.0 = Release|Any CPU
		{00EE5306-AAE5-4145-B430-6BA3FB07054B}.Release|x86.ActiveCfg = Release|Any CPU
		{00EE5306-AAE5-4145-B430-6BA3FB07054B}.Release|x86.Build.0 = Release|Any CPU
		{00EE5306-AAE5-4145-B430-6BA3FB07054B}.SignedRelease|Any CPU.ActiveCfg = SignedRelease|Any CPU
		{00EE5306-AAE5-4145-B430-6BA3FB07054B}.SignedRelease|Any CPU.Build.0 = SignedRelease|Any CPU
		{00EE5306-AAE5-4145-B430-6BA3FB07054B}.SignedRelease|x86.ActiveCfg = SignedRelease|Any CPU
		{00EE5306-AAE5-4145-B430-6BA3FB07054B}.SignedRelease|x86.Build.0 = SignedRelease|Any CPU
		{9C6BB5DF-F63B-4587-9131-F8417CEA2437}.Debug|Any CPU.ActiveCfg = Debug|Any CPU
		{9C6BB5DF-F63B-4587-9131-F8417CEA2437}.Debug|Any CPU.Build.0 = Debug|Any CPU
		{9C6BB5DF-F63B-4587-9131-F8417CEA2437}.Debug|x86.ActiveCfg = Debug|Any CPU
		{9C6BB5DF-F63B-4587-9131-F8417CEA2437}.Debug|x86.Build.0 = Debug|Any CPU
		{9C6BB5DF-F63B-4587-9131-F8417CEA2437}.MonoLinux|Any CPU.ActiveCfg = SignedRelease|Any CPU
		{9C6BB5DF-F63B-4587-9131-F8417CEA2437}.MonoLinux|Any CPU.Build.0 = SignedRelease|Any CPU
		{9C6BB5DF-F63B-4587-9131-F8417CEA2437}.MonoLinux|x86.ActiveCfg = SignedRelease|Any CPU
		{9C6BB5DF-F63B-4587-9131-F8417CEA2437}.MonoLinux|x86.Build.0 = SignedRelease|Any CPU
		{9C6BB5DF-F63B-4587-9131-F8417CEA2437}.Release|Any CPU.ActiveCfg = Release|Any CPU
		{9C6BB5DF-F63B-4587-9131-F8417CEA2437}.Release|Any CPU.Build.0 = Release|Any CPU
		{9C6BB5DF-F63B-4587-9131-F8417CEA2437}.Release|x86.ActiveCfg = Release|Any CPU
		{9C6BB5DF-F63B-4587-9131-F8417CEA2437}.Release|x86.Build.0 = Release|Any CPU
		{9C6BB5DF-F63B-4587-9131-F8417CEA2437}.SignedRelease|Any CPU.ActiveCfg = SignedRelease|Any CPU
		{9C6BB5DF-F63B-4587-9131-F8417CEA2437}.SignedRelease|Any CPU.Build.0 = SignedRelease|Any CPU
		{9C6BB5DF-F63B-4587-9131-F8417CEA2437}.SignedRelease|x86.ActiveCfg = SignedRelease|Any CPU
		{9C6BB5DF-F63B-4587-9131-F8417CEA2437}.SignedRelease|x86.Build.0 = SignedRelease|Any CPU
		{62575ED7-0C4D-4EBC-8AD8-57D191E051DC}.Debug|Any CPU.ActiveCfg = Debug|Any CPU
		{62575ED7-0C4D-4EBC-8AD8-57D191E051DC}.Debug|Any CPU.Build.0 = Debug|Any CPU
		{62575ED7-0C4D-4EBC-8AD8-57D191E051DC}.Debug|x86.ActiveCfg = Debug|Any CPU
		{62575ED7-0C4D-4EBC-8AD8-57D191E051DC}.Debug|x86.Build.0 = Debug|Any CPU
		{62575ED7-0C4D-4EBC-8AD8-57D191E051DC}.MonoLinux|Any CPU.ActiveCfg = Debug|Any CPU
		{62575ED7-0C4D-4EBC-8AD8-57D191E051DC}.MonoLinux|x86.ActiveCfg = Debug|Any CPU
		{62575ED7-0C4D-4EBC-8AD8-57D191E051DC}.Release|Any CPU.ActiveCfg = Debug|Any CPU
		{62575ED7-0C4D-4EBC-8AD8-57D191E051DC}.Release|Any CPU.Build.0 = Debug|Any CPU
		{62575ED7-0C4D-4EBC-8AD8-57D191E051DC}.Release|x86.ActiveCfg = Debug|Any CPU
		{62575ED7-0C4D-4EBC-8AD8-57D191E051DC}.Release|x86.Build.0 = Debug|Any CPU
		{62575ED7-0C4D-4EBC-8AD8-57D191E051DC}.SignedRelease|Any CPU.ActiveCfg = Debug|Any CPU
		{62575ED7-0C4D-4EBC-8AD8-57D191E051DC}.SignedRelease|Any CPU.Build.0 = Debug|Any CPU
		{62575ED7-0C4D-4EBC-8AD8-57D191E051DC}.SignedRelease|x86.ActiveCfg = Debug|Any CPU
		{76272AB0-DF7A-4AF8-BBD5-1AD87150BA7F}.Debug|Any CPU.ActiveCfg = Debug|Any CPU
		{76272AB0-DF7A-4AF8-BBD5-1AD87150BA7F}.Debug|Any CPU.Build.0 = Debug|Any CPU
		{76272AB0-DF7A-4AF8-BBD5-1AD87150BA7F}.Debug|x86.ActiveCfg = Debug|Any CPU
		{76272AB0-DF7A-4AF8-BBD5-1AD87150BA7F}.Debug|x86.Build.0 = Debug|Any CPU
		{76272AB0-DF7A-4AF8-BBD5-1AD87150BA7F}.MonoLinux|Any CPU.ActiveCfg = SignedRelease|Any CPU
		{76272AB0-DF7A-4AF8-BBD5-1AD87150BA7F}.MonoLinux|Any CPU.Build.0 = SignedRelease|Any CPU
		{76272AB0-DF7A-4AF8-BBD5-1AD87150BA7F}.MonoLinux|x86.ActiveCfg = SignedRelease|Any CPU
		{76272AB0-DF7A-4AF8-BBD5-1AD87150BA7F}.MonoLinux|x86.Build.0 = SignedRelease|Any CPU
		{76272AB0-DF7A-4AF8-BBD5-1AD87150BA7F}.Release|Any CPU.ActiveCfg = Release|Any CPU
		{76272AB0-DF7A-4AF8-BBD5-1AD87150BA7F}.Release|Any CPU.Build.0 = Release|Any CPU
		{76272AB0-DF7A-4AF8-BBD5-1AD87150BA7F}.Release|x86.ActiveCfg = Release|Any CPU
		{76272AB0-DF7A-4AF8-BBD5-1AD87150BA7F}.Release|x86.Build.0 = Release|Any CPU
		{76272AB0-DF7A-4AF8-BBD5-1AD87150BA7F}.SignedRelease|Any CPU.ActiveCfg = SignedRelease|Any CPU
		{76272AB0-DF7A-4AF8-BBD5-1AD87150BA7F}.SignedRelease|Any CPU.Build.0 = SignedRelease|Any CPU
		{76272AB0-DF7A-4AF8-BBD5-1AD87150BA7F}.SignedRelease|x86.ActiveCfg = SignedRelease|Any CPU
		{76272AB0-DF7A-4AF8-BBD5-1AD87150BA7F}.SignedRelease|x86.Build.0 = SignedRelease|Any CPU
		{6B894823-4076-4D56-B12D-81517AF3223D}.Debug|Any CPU.ActiveCfg = Debug|Any CPU
		{6B894823-4076-4D56-B12D-81517AF3223D}.Debug|Any CPU.Build.0 = Debug|Any CPU
		{6B894823-4076-4D56-B12D-81517AF3223D}.Debug|x86.ActiveCfg = Debug|Any CPU
		{6B894823-4076-4D56-B12D-81517AF3223D}.Debug|x86.Build.0 = Debug|Any CPU
		{6B894823-4076-4D56-B12D-81517AF3223D}.MonoLinux|Any CPU.ActiveCfg = SignedRelease|Any CPU
		{6B894823-4076-4D56-B12D-81517AF3223D}.MonoLinux|Any CPU.Build.0 = SignedRelease|Any CPU
		{6B894823-4076-4D56-B12D-81517AF3223D}.MonoLinux|x86.ActiveCfg = IeSignedRelease|Any CPU
		{6B894823-4076-4D56-B12D-81517AF3223D}.MonoLinux|x86.Build.0 = IeSignedRelease|Any CPU
		{6B894823-4076-4D56-B12D-81517AF3223D}.Release|Any CPU.ActiveCfg = Release|Any CPU
		{6B894823-4076-4D56-B12D-81517AF3223D}.Release|Any CPU.Build.0 = Release|Any CPU
		{6B894823-4076-4D56-B12D-81517AF3223D}.Release|x86.ActiveCfg = Release|Any CPU
		{6B894823-4076-4D56-B12D-81517AF3223D}.Release|x86.Build.0 = Release|Any CPU
		{6B894823-4076-4D56-B12D-81517AF3223D}.SignedRelease|Any CPU.ActiveCfg = SignedRelease|Any CPU
		{6B894823-4076-4D56-B12D-81517AF3223D}.SignedRelease|Any CPU.Build.0 = SignedRelease|Any CPU
		{6B894823-4076-4D56-B12D-81517AF3223D}.SignedRelease|x86.ActiveCfg = SignedRelease|Any CPU
		{6B894823-4076-4D56-B12D-81517AF3223D}.SignedRelease|x86.Build.0 = SignedRelease|Any CPU
		{9A06ACC9-4D6F-4EAB-8A8A-9652BC6A70AE}.Debug|Any CPU.ActiveCfg = Debug|Any CPU
		{9A06ACC9-4D6F-4EAB-8A8A-9652BC6A70AE}.Debug|Any CPU.Build.0 = Debug|Any CPU
		{9A06ACC9-4D6F-4EAB-8A8A-9652BC6A70AE}.Debug|x86.ActiveCfg = Debug|Any CPU
		{9A06ACC9-4D6F-4EAB-8A8A-9652BC6A70AE}.Debug|x86.Build.0 = Debug|Any CPU
		{9A06ACC9-4D6F-4EAB-8A8A-9652BC6A70AE}.MonoLinux|Any CPU.ActiveCfg = SignedRelease|Any CPU
		{9A06ACC9-4D6F-4EAB-8A8A-9652BC6A70AE}.MonoLinux|Any CPU.Build.0 = SignedRelease|Any CPU
		{9A06ACC9-4D6F-4EAB-8A8A-9652BC6A70AE}.MonoLinux|x86.ActiveCfg = SignedRelease|Any CPU
		{9A06ACC9-4D6F-4EAB-8A8A-9652BC6A70AE}.MonoLinux|x86.Build.0 = SignedRelease|Any CPU
		{9A06ACC9-4D6F-4EAB-8A8A-9652BC6A70AE}.Release|Any CPU.ActiveCfg = Release|Any CPU
		{9A06ACC9-4D6F-4EAB-8A8A-9652BC6A70AE}.Release|Any CPU.Build.0 = Release|Any CPU
		{9A06ACC9-4D6F-4EAB-8A8A-9652BC6A70AE}.Release|x86.ActiveCfg = Release|Any CPU
		{9A06ACC9-4D6F-4EAB-8A8A-9652BC6A70AE}.Release|x86.Build.0 = Release|Any CPU
		{9A06ACC9-4D6F-4EAB-8A8A-9652BC6A70AE}.SignedRelease|Any CPU.ActiveCfg = SignedRelease|Any CPU
		{9A06ACC9-4D6F-4EAB-8A8A-9652BC6A70AE}.SignedRelease|Any CPU.Build.0 = SignedRelease|Any CPU
		{9A06ACC9-4D6F-4EAB-8A8A-9652BC6A70AE}.SignedRelease|x86.ActiveCfg = SignedRelease|Any CPU
		{9A06ACC9-4D6F-4EAB-8A8A-9652BC6A70AE}.SignedRelease|x86.Build.0 = SignedRelease|Any CPU
		{899B0F8D-C781-4BAC-BE6E-323D3654FAF8}.Debug|Any CPU.ActiveCfg = Debug|Any CPU
		{899B0F8D-C781-4BAC-BE6E-323D3654FAF8}.Debug|x86.ActiveCfg = Debug|x86
		{899B0F8D-C781-4BAC-BE6E-323D3654FAF8}.Debug|x86.Build.0 = Debug|x86
		{899B0F8D-C781-4BAC-BE6E-323D3654FAF8}.MonoLinux|Any CPU.ActiveCfg = MonoLinux|Any CPU
		{899B0F8D-C781-4BAC-BE6E-323D3654FAF8}.MonoLinux|Any CPU.Build.0 = MonoLinux|Any CPU
		{899B0F8D-C781-4BAC-BE6E-323D3654FAF8}.MonoLinux|x86.ActiveCfg = MonoLinux|x86
		{899B0F8D-C781-4BAC-BE6E-323D3654FAF8}.MonoLinux|x86.Build.0 = MonoLinux|x86
		{899B0F8D-C781-4BAC-BE6E-323D3654FAF8}.Release|Any CPU.ActiveCfg = Release|Any CPU
		{899B0F8D-C781-4BAC-BE6E-323D3654FAF8}.Release|x86.ActiveCfg = Release|x86
		{899B0F8D-C781-4BAC-BE6E-323D3654FAF8}.Release|x86.Build.0 = Release|x86
		{899B0F8D-C781-4BAC-BE6E-323D3654FAF8}.SignedRelease|Any CPU.ActiveCfg = SignedRelease|Any CPU
		{899B0F8D-C781-4BAC-BE6E-323D3654FAF8}.SignedRelease|x86.ActiveCfg = SignedRelease|x86
		{899B0F8D-C781-4BAC-BE6E-323D3654FAF8}.SignedRelease|x86.Build.0 = SignedRelease|x86
		{39A382D5-A4A1-415A-8CEB-618177E23FAC}.Debug|Any CPU.ActiveCfg = Debug|Any CPU
		{39A382D5-A4A1-415A-8CEB-618177E23FAC}.Debug|Any CPU.Build.0 = Debug|Any CPU
		{39A382D5-A4A1-415A-8CEB-618177E23FAC}.Debug|x86.ActiveCfg = Debug|Any CPU
		{39A382D5-A4A1-415A-8CEB-618177E23FAC}.Debug|x86.Build.0 = Debug|Any CPU
		{39A382D5-A4A1-415A-8CEB-618177E23FAC}.MonoLinux|Any CPU.ActiveCfg = Release|Any CPU
		{39A382D5-A4A1-415A-8CEB-618177E23FAC}.MonoLinux|Any CPU.Build.0 = Release|Any CPU
		{39A382D5-A4A1-415A-8CEB-618177E23FAC}.MonoLinux|x86.ActiveCfg = Release|Any CPU
		{39A382D5-A4A1-415A-8CEB-618177E23FAC}.MonoLinux|x86.Build.0 = Release|Any CPU
		{39A382D5-A4A1-415A-8CEB-618177E23FAC}.Release|Any CPU.ActiveCfg = Release|Any CPU
		{39A382D5-A4A1-415A-8CEB-618177E23FAC}.Release|Any CPU.Build.0 = Release|Any CPU
		{39A382D5-A4A1-415A-8CEB-618177E23FAC}.Release|x86.ActiveCfg = Release|Any CPU
		{39A382D5-A4A1-415A-8CEB-618177E23FAC}.Release|x86.Build.0 = Release|Any CPU
		{39A382D5-A4A1-415A-8CEB-618177E23FAC}.SignedRelease|Any CPU.ActiveCfg = Release|Any CPU
		{39A382D5-A4A1-415A-8CEB-618177E23FAC}.SignedRelease|Any CPU.Build.0 = Release|Any CPU
		{39A382D5-A4A1-415A-8CEB-618177E23FAC}.SignedRelease|x86.ActiveCfg = Release|Any CPU
		{39A382D5-A4A1-415A-8CEB-618177E23FAC}.SignedRelease|x86.Build.0 = Release|Any CPU
		{C83CABC0-A612-4F6D-AFDB-0E2B4C98CDEE}.Debug|Any CPU.ActiveCfg = Debug|Any CPU
		{C83CABC0-A612-4F6D-AFDB-0E2B4C98CDEE}.Debug|Any CPU.Build.0 = Debug|Any CPU
		{C83CABC0-A612-4F6D-AFDB-0E2B4C98CDEE}.Debug|x86.ActiveCfg = Debug|Any CPU
		{C83CABC0-A612-4F6D-AFDB-0E2B4C98CDEE}.Debug|x86.Build.0 = Debug|Any CPU
		{C83CABC0-A612-4F6D-AFDB-0E2B4C98CDEE}.MonoLinux|Any CPU.ActiveCfg = Release|Any CPU
		{C83CABC0-A612-4F6D-AFDB-0E2B4C98CDEE}.MonoLinux|Any CPU.Build.0 = Release|Any CPU
		{C83CABC0-A612-4F6D-AFDB-0E2B4C98CDEE}.MonoLinux|x86.ActiveCfg = Release|Any CPU
		{C83CABC0-A612-4F6D-AFDB-0E2B4C98CDEE}.MonoLinux|x86.Build.0 = Release|Any CPU
		{C83CABC0-A612-4F6D-AFDB-0E2B4C98CDEE}.Release|Any CPU.ActiveCfg = Release|Any CPU
		{C83CABC0-A612-4F6D-AFDB-0E2B4C98CDEE}.Release|Any CPU.Build.0 = Release|Any CPU
		{C83CABC0-A612-4F6D-AFDB-0E2B4C98CDEE}.Release|x86.ActiveCfg = Release|Any CPU
		{C83CABC0-A612-4F6D-AFDB-0E2B4C98CDEE}.Release|x86.Build.0 = Release|Any CPU
		{C83CABC0-A612-4F6D-AFDB-0E2B4C98CDEE}.SignedRelease|Any CPU.ActiveCfg = Release|Any CPU
		{C83CABC0-A612-4F6D-AFDB-0E2B4C98CDEE}.SignedRelease|Any CPU.Build.0 = Release|Any CPU
		{C83CABC0-A612-4F6D-AFDB-0E2B4C98CDEE}.SignedRelease|x86.ActiveCfg = Release|Any CPU
		{C83CABC0-A612-4F6D-AFDB-0E2B4C98CDEE}.SignedRelease|x86.Build.0 = Release|Any CPU
	EndGlobalSection
	GlobalSection(SolutionProperties) = preSolution
		HideSolutionNode = FALSE
	EndGlobalSection
	GlobalSection(NestedProjects) = preSolution
		{B031B6B7-B756-4959-B72F-61DB32270647} = {C075DAB9-7717-41CC-B061-54C8CAAAAEFB}
		{554DF209-7744-433F-993A-783E2A2803EF} = {A2F42D79-66E3-4A16-B2D6-920C652360D1}
		{00EE5306-AAE5-4145-B430-6BA3FB07054B} = {C075DAB9-7717-41CC-B061-54C8CAAAAEFB}
		{62575ED7-0C4D-4EBC-8AD8-57D191E051DC} = {7CFE7F3E-9B3F-45A3-B104-07B8E0C3CAB8}
		{76272AB0-DF7A-4AF8-BBD5-1AD87150BA7F} = {9C3CB4E7-2726-4669-8335-3D49B939B76C}
		{6B894823-4076-4D56-B12D-81517AF3223D} = {9C3CB4E7-2726-4669-8335-3D49B939B76C}
		{9A06ACC9-4D6F-4EAB-8A8A-9652BC6A70AE} = {A2F42D79-66E3-4A16-B2D6-920C652360D1}
		{899B0F8D-C781-4BAC-BE6E-323D3654FAF8} = {7764149B-8D63-4C52-BA7F-CFC55ECD3AF9}
		{39A382D5-A4A1-415A-8CEB-618177E23FAC} = {76D60CF9-8CC5-4792-8CC0-4D18EFF92FE0}
		{C83CABC0-A612-4F6D-AFDB-0E2B4C98CDEE} = {9C3CB4E7-2726-4669-8335-3D49B939B76C}
	EndGlobalSection
EndGlobal
